// !$*UTF8*$!
{
	archiveVersion = 1;
	classes = {
	};
	objectVersion = 46;
	objects = {

/* Begin PBXBuildFile section */
		AB92C6AC1F208FBD00ABC3BD /* AppDelegate.swift in Sources */ = {isa = PBXBuildFile; fileRef = AB92C6AB1F208FBD00ABC3BD /* AppDelegate.swift */; };
		AB92C6AE1F208FBD00ABC3BD /* ViewController.swift in Sources */ = {isa = PBXBuildFile; fileRef = AB92C6AD1F208FBD00ABC3BD /* ViewController.swift */; };
		AB92C6B11F208FBD00ABC3BD /* Main.storyboard in Resources */ = {isa = PBXBuildFile; fileRef = AB92C6AF1F208FBD00ABC3BD /* Main.storyboard */; };
		AB92C6B31F208FBD00ABC3BD /* Assets.xcassets in Resources */ = {isa = PBXBuildFile; fileRef = AB92C6B21F208FBD00ABC3BD /* Assets.xcassets */; };
		AB92C6B61F208FBD00ABC3BD /* LaunchScreen.storyboard in Resources */ = {isa = PBXBuildFile; fileRef = AB92C6B41F208FBD00ABC3BD /* LaunchScreen.storyboard */; };
		AB92C6C11F2090CB00ABC3BD /* sublogo.png in Resources */ = {isa = PBXBuildFile; fileRef = AB92C6C01F2090CB00ABC3BD /* sublogo.png */; };
		AB92C6C51F2091F300ABC3BD /* pig.png in Resources */ = {isa = PBXBuildFile; fileRef = AB92C6C41F2091F300ABC3BD /* pig.png */; };
		AB92C6C71F20944600ABC3BD /* mainPig.png in Resources */ = {isa = PBXBuildFile; fileRef = AB92C6C61F20944600ABC3BD /* mainPig.png */; };
		AB92C6C91F20967500ABC3BD /* logo.png in Resources */ = {isa = PBXBuildFile; fileRef = AB92C6C81F20967500ABC3BD /* logo.png */; };
		AB92C6CB1F20977900ABC3BD /* fork.png in Resources */ = {isa = PBXBuildFile; fileRef = AB92C6CA1F20977900ABC3BD /* fork.png */; };
		AB92C6CD1F20978900ABC3BD /* nife.png in Resources */ = {isa = PBXBuildFile; fileRef = AB92C6CC1F20978900ABC3BD /* nife.png */; };
		AB92C6CF1F2098B600ABC3BD /* NameQuizViewController.swift in Sources */ = {isa = PBXBuildFile; fileRef = AB92C6CE1F2098B600ABC3BD /* NameQuizViewController.swift */; };
		AB92C6D11F26DF2200ABC3BD /* Quiz.swift in Sources */ = {isa = PBXBuildFile; fileRef = AB92C6D01F26DF2200ABC3BD /* Quiz.swift */; };
		AB92C6D31F270BF000ABC3BD /* correct.png in Resources */ = {isa = PBXBuildFile; fileRef = AB92C6D21F270BF000ABC3BD /* correct.png */; };
		AB92C6D51F271AE300ABC3BD /* incorrect.png in Resources */ = {isa = PBXBuildFile; fileRef = AB92C6D41F271AE300ABC3BD /* incorrect.png */; };
/* End PBXBuildFile section */

/* Begin PBXFileReference section */
		AB92C6A81F208FBD00ABC3BD /* pigQuiz.app */ = {isa = PBXFileReference; explicitFileType = wrapper.application; includeInIndex = 0; path = pigQuiz.app; sourceTree = BUILT_PRODUCTS_DIR; };
		AB92C6AB1F208FBD00ABC3BD /* AppDelegate.swift */ = {isa = PBXFileReference; lastKnownFileType = sourcecode.swift; path = AppDelegate.swift; sourceTree = "<group>"; };
		AB92C6AD1F208FBD00ABC3BD /* ViewController.swift */ = {isa = PBXFileReference; lastKnownFileType = sourcecode.swift; path = ViewController.swift; sourceTree = "<group>"; };
		AB92C6B01F208FBD00ABC3BD /* Base */ = {isa = PBXFileReference; lastKnownFileType = file.storyboard; name = Base; path = Base.lproj/Main.storyboard; sourceTree = "<group>"; };
		AB92C6B21F208FBD00ABC3BD /* Assets.xcassets */ = {isa = PBXFileReference; lastKnownFileType = folder.assetcatalog; path = Assets.xcassets; sourceTree = "<group>"; };
		AB92C6B51F208FBD00ABC3BD /* Base */ = {isa = PBXFileReference; lastKnownFileType = file.storyboard; name = Base; path = Base.lproj/LaunchScreen.storyboard; sourceTree = "<group>"; };
		AB92C6B71F208FBD00ABC3BD /* Info.plist */ = {isa = PBXFileReference; lastKnownFileType = text.plist.xml; path = Info.plist; sourceTree = "<group>"; };
		AB92C6C01F2090CB00ABC3BD /* sublogo.png */ = {isa = PBXFileReference; lastKnownFileType = image.png; path = sublogo.png; sourceTree = "<group>"; };
		AB92C6C41F2091F300ABC3BD /* pig.png */ = {isa = PBXFileReference; lastKnownFileType = image.png; path = pig.png; sourceTree = "<group>"; };
		AB92C6C61F20944600ABC3BD /* mainPig.png */ = {isa = PBXFileReference; lastKnownFileType = image.png; path = mainPig.png; sourceTree = "<group>"; };
		AB92C6C81F20967500ABC3BD /* logo.png */ = {isa = PBXFileReference; lastKnownFileType = image.png; path = logo.png; sourceTree = "<group>"; };
		AB92C6CA1F20977900ABC3BD /* fork.png */ = {isa = PBXFileReference; lastKnownFileType = image.png; path = fork.png; sourceTree = "<group>"; };
		AB92C6CC1F20978900ABC3BD /* nife.png */ = {isa = PBXFileReference; lastKnownFileType = image.png; path = nife.png; sourceTree = "<group>"; };
		AB92C6CE1F2098B600ABC3BD /* NameQuizViewController.swift */ = {isa = PBXFileReference; fileEncoding = 4; lastKnownFileType = sourcecode.swift; path = NameQuizViewController.swift; sourceTree = "<group>"; };
		AB92C6D01F26DF2200ABC3BD /* Quiz.swift */ = {isa = PBXFileReference; fileEncoding = 4; lastKnownFileType = sourcecode.swift; path = Quiz.swift; sourceTree = "<group>"; };
		AB92C6D21F270BF000ABC3BD /* correct.png */ = {isa = PBXFileReference; lastKnownFileType = image.png; path = correct.png; sourceTree = "<group>"; };
		AB92C6D41F271AE300ABC3BD /* incorrect.png */ = {isa = PBXFileReference; lastKnownFileType = image.png; path = incorrect.png; sourceTree = "<group>"; };
/* End PBXFileReference section */

/* Begin PBXFrameworksBuildPhase section */
		AB92C6A51F208FBD00ABC3BD /* Frameworks */ = {
			isa = PBXFrameworksBuildPhase;
			buildActionMask = 2147483647;
			files = (
			);
			runOnlyForDeploymentPostprocessing = 0;
		};
/* End PBXFrameworksBuildPhase section */

/* Begin PBXGroup section */
		AB92C69F1F208FBD00ABC3BD = {
			isa = PBXGroup;
			children = (
				AB92C6AA1F208FBD00ABC3BD /* pigQuiz */,
				AB92C6A91F208FBD00ABC3BD /* Products */,
			);
			sourceTree = "<group>";
		};
		AB92C6A91F208FBD00ABC3BD /* Products */ = {
			isa = PBXGroup;
			children = (
				AB92C6A81F208FBD00ABC3BD /* pigQuiz.app */,
			);
			name = Products;
			sourceTree = "<group>";
		};
		AB92C6AA1F208FBD00ABC3BD /* pigQuiz */ = {
			isa = PBXGroup;
			children = (
				AB92C6BD1F208FC400ABC3BD /* images */,
				AB92C6AB1F208FBD00ABC3BD /* AppDelegate.swift */,
				AB92C6D01F26DF2200ABC3BD /* Quiz.swift */,
				AB92C6AD1F208FBD00ABC3BD /* ViewController.swift */,
				AB92C6CE1F2098B600ABC3BD /* NameQuizViewController.swift */,
				AB92C6AF1F208FBD00ABC3BD /* Main.storyboard */,
				AB92C6B21F208FBD00ABC3BD /* Assets.xcassets */,
				AB92C6B41F208FBD00ABC3BD /* LaunchScreen.storyboard */,
				AB92C6B71F208FBD00ABC3BD /* Info.plist */,
			);
			path = pigQuiz;
			sourceTree = "<group>";
		};
		AB92C6BD1F208FC400ABC3BD /* images */ = {
			isa = PBXGroup;
			children = (
				AB92C6C01F2090CB00ABC3BD /* sublogo.png */,
				AB92C6C81F20967500ABC3BD /* logo.png */,
				AB92C6C41F2091F300ABC3BD /* pig.png */,
				AB92C6C61F20944600ABC3BD /* mainPig.png */,
				AB92C6CA1F20977900ABC3BD /* fork.png */,
				AB92C6CC1F20978900ABC3BD /* nife.png */,
				AB92C6D21F270BF000ABC3BD /* correct.png */,
				AB92C6D41F271AE300ABC3BD /* incorrect.png */,
			);
			name = images;
			sourceTree = "<group>";
		};
/* End PBXGroup section */

/* Begin PBXNativeTarget section */
		AB92C6A71F208FBD00ABC3BD /* pigQuiz */ = {
			isa = PBXNativeTarget;
			buildConfigurationList = AB92C6BA1F208FBD00ABC3BD /* Build configuration list for PBXNativeTarget "pigQuiz" */;
			buildPhases = (
				AB92C6A41F208FBD00ABC3BD /* Sources */,
				AB92C6A51F208FBD00ABC3BD /* Frameworks */,
				AB92C6A61F208FBD00ABC3BD /* Resources */,
			);
			buildRules = (
			);
			dependencies = (
			);
			name = pigQuiz;
			productName = pigQuiz;
			productReference = AB92C6A81F208FBD00ABC3BD /* pigQuiz.app */;
			productType = "com.apple.product-type.application";
		};
/* End PBXNativeTarget section */

/* Begin PBXProject section */
		AB92C6A01F208FBD00ABC3BD /* Project object */ = {
			isa = PBXProject;
			attributes = {
				LastSwiftUpdateCheck = 0830;
				LastUpgradeCheck = 0830;
				ORGANIZATIONNAME = net.tksho;
				TargetAttributes = {
					AB92C6A71F208FBD00ABC3BD = {
						CreatedOnToolsVersion = 8.3.3;
						ProvisioningStyle = Automatic;
					};
				};
			};
			buildConfigurationList = AB92C6A31F208FBD00ABC3BD /* Build configuration list for PBXProject "pigQuiz" */;
			compatibilityVersion = "Xcode 3.2";
			developmentRegion = English;
			hasScannedForEncodings = 0;
			knownRegions = (
				en,
				Base,
			);
			mainGroup = AB92C69F1F208FBD00ABC3BD;
			productRefGroup = AB92C6A91F208FBD00ABC3BD /* Products */;
			projectDirPath = "";
			projectRoot = "";
			targets = (
				AB92C6A71F208FBD00ABC3BD /* pigQuiz */,
			);
		};
/* End PBXProject section */

/* Begin PBXResourcesBuildPhase section */
		AB92C6A61F208FBD00ABC3BD /* Resources */ = {
			isa = PBXResourcesBuildPhase;
			buildActionMask = 2147483647;
			files = (
				AB92C6D31F270BF000ABC3BD /* correct.png in Resources */,
				AB92C6C51F2091F300ABC3BD /* pig.png in Resources */,
				AB92C6B61F208FBD00ABC3BD /* LaunchScreen.storyboard in Resources */,
				AB92C6D51F271AE300ABC3BD /* incorrect.png in Resources */,
				AB92C6CD1F20978900ABC3BD /* nife.png in Resources */,
				AB92C6C11F2090CB00ABC3BD /* sublogo.png in Resources */,
				AB92C6B31F208FBD00ABC3BD /* Assets.xcassets in Resources */,
				AB92C6C91F20967500ABC3BD /* logo.png in Resources */,
				AB92C6CB1F20977900ABC3BD /* fork.png in Resources */,
				AB92C6B11F208FBD00ABC3BD /* Main.storyboard in Resources */,
				AB92C6C71F20944600ABC3BD /* mainPig.png in Resources */,
			);
			runOnlyForDeploymentPostprocessing = 0;
		};
/* End PBXResourcesBuildPhase section */

/* Begin PBXSourcesBuildPhase section */
		AB92C6A41F208FBD00ABC3BD /* Sources */ = {
			isa = PBXSourcesBuildPhase;
			buildActionMask = 2147483647;
			files = (
				AB92C6CF1F2098B600ABC3BD /* NameQuizViewController.swift in Sources */,
				AB92C6AE1F208FBD00ABC3BD /* ViewController.swift in Sources */,
				AB92C6D11F26DF2200ABC3BD /* Quiz.swift in Sources */,
				AB92C6AC1F208FBD00ABC3BD /* AppDelegate.swift in Sources */,
			);
			runOnlyForDeploymentPostprocessing = 0;
		};
/* End PBXSourcesBuildPhase section */

/* Begin PBXVariantGroup section */
		AB92C6AF1F208FBD00ABC3BD /* Main.storyboard */ = {
			isa = PBXVariantGroup;
			children = (
				AB92C6B01F208FBD00ABC3BD /* Base */,
			);
			name = Main.storyboard;
			sourceTree = "<group>";
		};
		AB92C6B41F208FBD00ABC3BD /* LaunchScreen.storyboard */ = {
			isa = PBXVariantGroup;
			children = (
				AB92C6B51F208FBD00ABC3BD /* Base */,
			);
			name = LaunchScreen.storyboard;
			sourceTree = "<group>";
		};
/* End PBXVariantGroup section */

/* Begin XCBuildConfiguration section */
		AB92C6B81F208FBD00ABC3BD /* Debug */ = {
			isa = XCBuildConfiguration;
			buildSettings = {
				ALWAYS_SEARCH_USER_PATHS = NO;
				CLANG_ANALYZER_NONNULL = YES;
				CLANG_ANALYZER_NUMBER_OBJECT_CONVERSION = YES_AGGRESSIVE;
				CLANG_CXX_LANGUAGE_STANDARD = "gnu++0x";
				CLANG_CXX_LIBRARY = "libc++";
				CLANG_ENABLE_MODULES = YES;
				CLANG_ENABLE_OBJC_ARC = YES;
				CLANG_WARN_BOOL_CONVERSION = YES;
				CLANG_WARN_CONSTANT_CONVERSION = YES;
				CLANG_WARN_DIRECT_OBJC_ISA_USAGE = YES_ERROR;
				CLANG_WARN_DOCUMENTATION_COMMENTS = YES;
				CLANG_WARN_EMPTY_BODY = YES;
				CLANG_WARN_ENUM_CONVERSION = YES;
				CLANG_WARN_INFINITE_RECURSION = YES;
				CLANG_WARN_INT_CONVERSION = YES;
				CLANG_WARN_OBJC_ROOT_CLASS = YES_ERROR;
				CLANG_WARN_SUSPICIOUS_MOVE = YES;
				CLANG_WARN_UNREACHABLE_CODE = YES;
				CLANG_WARN__DUPLICATE_METHOD_MATCH = YES;
				"CODE_SIGN_IDENTITY[sdk=iphoneos*]" = "iPhone Developer";
				COPY_PHASE_STRIP = NO;
				DEBUG_INFORMATION_FORMAT = dwarf;
				ENABLE_STRICT_OBJC_MSGSEND = YES;
				ENABLE_TESTABILITY = YES;
				GCC_C_LANGUAGE_STANDARD = gnu99;
				GCC_DYNAMIC_NO_PIC = NO;
				GCC_NO_COMMON_BLOCKS = YES;
				GCC_OPTIMIZATION_LEVEL = 0;
				GCC_PREPROCESSOR_DEFINITIONS = (
					"DEBUG=1",
					"$(inherited)",
				);
				GCC_WARN_64_TO_32_BIT_CONVERSION = YES;
				GCC_WARN_ABOUT_RETURN_TYPE = YES_ERROR;
				GCC_WARN_UNDECLARED_SELECTOR = YES;
				GCC_WARN_UNINITIALIZED_AUTOS = YES_AGGRESSIVE;
				GCC_WARN_UNUSED_FUNCTION = YES;
				GCC_WARN_UNUSED_VARIABLE = YES;
				IPHONEOS_DEPLOYMENT_TARGET = 10.3;
				MTL_ENABLE_DEBUG_INFO = YES;
				ONLY_ACTIVE_ARCH = YES;
				SDKROOT = iphoneos;
				SWIFT_ACTIVE_COMPILATION_CONDITIONS = DEBUG;
				SWIFT_OPTIMIZATION_LEVEL = "-Onone";
			};
			name = Debug;
		};
		AB92C6B91F208FBD00ABC3BD /* Release */ = {
			isa = XCBuildConfiguration;
			buildSettings = {
				ALWAYS_SEARCH_USER_PATHS = NO;
				CLANG_ANALYZER_NONNULL = YES;
				CLANG_ANALYZER_NUMBER_OBJECT_CONVERSION = YES_AGGRESSIVE;
				CLANG_CXX_LANGUAGE_STANDARD = "gnu++0x";
				CLANG_CXX_LIBRARY = "libc++";
				CLANG_ENABLE_MODULES = YES;
				CLANG_ENABLE_OBJC_ARC = YES;
				CLANG_WARN_BOOL_CONVERSION = YES;
				CLANG_WARN_CONSTANT_CONVERSION = YES;
				CLANG_WARN_DIRECT_OBJC_ISA_USAGE = YES_ERROR;
				CLANG_WARN_DOCUMENTATION_COMMENTS = YES;
				CLANG_WARN_EMPTY_BODY = YES;
				CLANG_WARN_ENUM_CONVERSION = YES;
				CLANG_WARN_INFINITE_RECURSION = YES;
				CLANG_WARN_INT_CONVERSION = YES;
				CLANG_WARN_OBJC_ROOT_CLASS = YES_ERROR;
				CLANG_WARN_SUSPICIOUS_MOVE = YES;
				CLANG_WARN_UNREACHABLE_CODE = YES;
				CLANG_WARN__DUPLICATE_METHOD_MATCH = YES;
				"CODE_SIGN_IDENTITY[sdk=iphoneos*]" = "iPhone Developer";
				COPY_PHASE_STRIP = NO;
				DEBUG_INFORMATION_FORMAT = "dwarf-with-dsym";
				ENABLE_NS_ASSERTIONS = NO;
				ENABLE_STRICT_OBJC_MSGSEND = YES;
				GCC_C_LANGUAGE_STANDARD = gnu99;
				GCC_NO_COMMON_BLOCKS = YES;
				GCC_WARN_64_TO_32_BIT_CONVERSION = YES;
				GCC_WARN_ABOUT_RETURN_TYPE = YES_ERROR;
				GCC_WARN_UNDECLARED_SELECTOR = YES;
				GCC_WARN_UNINITIALIZED_AUTOS = YES_AGGRESSIVE;
				GCC_WARN_UNUSED_FUNCTION = YES;
				GCC_WARN_UNUSED_VARIABLE = YES;
				IPHONEOS_DEPLOYMENT_TARGET = 10.3;
				MTL_ENABLE_DEBUG_INFO = NO;
				SDKROOT = iphoneos;
				SWIFT_OPTIMIZATION_LEVEL = "-Owholemodule";
				VALIDATE_PRODUCT = YES;
			};
			name = Release;
		};
		AB92C6BB1F208FBD00ABC3BD /* Debug */ = {
			isa = XCBuildConfiguration;
			buildSettings = {
				ASSETCATALOG_COMPILER_APPICON_NAME = AppIcon;
				INFOPLIST_FILE = pigQuiz/Info.plist;
				LD_RUNPATH_SEARCH_PATHS = "$(inherited) @executable_path/Frameworks";
				PRODUCT_BUNDLE_IDENTIFIER = net.tksho.pigQuiz;
				PRODUCT_NAME = "$(TARGET_NAME)";
				SWIFT_VERSION = 3.0;
			};
			name = Debug;
		};
		AB92C6BC1F208FBD00ABC3BD /* Release */ = {
			isa = XCBuildConfiguration;
			buildSettings = {
				ASSETCATALOG_COMPILER_APPICON_NAME = AppIcon;
				INFOPLIST_FILE = pigQuiz/Info.plist;
				LD_RUNPATH_SEARCH_PATHS = "$(inherited) @executable_path/Frameworks";
				PRODUCT_BUNDLE_IDENTIFIER = net.tksho.pigQuiz;
				PRODUCT_NAME = "$(TARGET_NAME)";
				SWIFT_VERSION = 3.0;
			};
			name = Release;
		};
/* End XCBuildConfiguration section */

/* Begin XCConfigurationList section */
		AB92C6A31F208FBD00ABC3BD /* Build configuration list for PBXProject "pigQuiz" */ = {
			isa = XCConfigurationList;
			buildConfigurations = (
				AB92C6B81F208FBD00ABC3BD /* Debug */,
				AB92C6B91F208FBD00ABC3BD /* Release */,
			);
			defaultConfigurationIsVisible = 0;
			defaultConfigurationName = Release;
		};
		AB92C6BA1F208FBD00ABC3BD /* Build configuration list for PBXNativeTarget "pigQuiz" */ = {
			isa = XCConfigurationList;
			buildConfigurations = (
				AB92C6BB1F208FBD00ABC3BD /* Debug */,
				AB92C6BC1F208FBD00ABC3BD /* Release */,
			);
			defaultConfigurationIsVisible = 0;
		};
/* End XCConfigurationList section */
	};
	rootObject = AB92C6A01F208FBD00ABC3BD /* Project object */;
}
